// !$*UTF8*$!
{
	archiveVersion = 1;
	classes = {
	};
	objectVersion = 50;
	objects = {

/* Begin PBXBuildFile section */
		172CC2F42200A6EF009A4137 /* AppDelegate.swift in Sources */ = {isa = PBXBuildFile; fileRef = 172CC2F32200A6EF009A4137 /* AppDelegate.swift */; };
		172CC2F62200A6EF009A4137 /* BaseViewController.swift in Sources */ = {isa = PBXBuildFile; fileRef = 172CC2F52200A6EF009A4137 /* BaseViewController.swift */; };
		172CC2F92200A6EF009A4137 /* Main.storyboard in Resources */ = {isa = PBXBuildFile; fileRef = 172CC2F72200A6EF009A4137 /* Main.storyboard */; };
		172CC2FC2200A6EF009A4137 /* MovieGuide.xcdatamodeld in Sources */ = {isa = PBXBuildFile; fileRef = 172CC2FA2200A6EF009A4137 /* MovieGuide.xcdatamodeld */; };
		172CC2FE2200A6F1009A4137 /* Assets.xcassets in Resources */ = {isa = PBXBuildFile; fileRef = 172CC2FD2200A6F1009A4137 /* Assets.xcassets */; };
		172CC3012200A6F1009A4137 /* LaunchScreen.storyboard in Resources */ = {isa = PBXBuildFile; fileRef = 172CC2FF2200A6F1009A4137 /* LaunchScreen.storyboard */; };
		177AA11922031A2F00231FA9 /* MoviesScrennController.swift in Sources */ = {isa = PBXBuildFile; fileRef = 177AA11822031A2F00231FA9 /* MoviesScrennController.swift */; };
		1791EAD522252B4A00A39070 /* BaseMovieModel.swift in Sources */ = {isa = PBXBuildFile; fileRef = 1791EAD422252B4A00A39070 /* BaseMovieModel.swift */; };
		1791EAD722252B6500A39070 /* Results.swift in Sources */ = {isa = PBXBuildFile; fileRef = 1791EAD622252B6500A39070 /* Results.swift */; };
		17F5D9D022203A9300C2F5E7 /* MainService.swift in Sources */ = {isa = PBXBuildFile; fileRef = 17F5D9CF22203A9300C2F5E7 /* MainService.swift */; };
		17F5D9D322203B1C00C2F5E7 /* NetworkManager.swift in Sources */ = {isa = PBXBuildFile; fileRef = 17F5D9D222203B1C00C2F5E7 /* NetworkManager.swift */; };
		17F5D9D52220400D00C2F5E7 /* Constants.swift in Sources */ = {isa = PBXBuildFile; fileRef = 17F5D9D42220400D00C2F5E7 /* Constants.swift */; };
		17F5D9D72223F84A00C2F5E7 /* Utils.swift in Sources */ = {isa = PBXBuildFile; fileRef = 17F5D9D62223F84A00C2F5E7 /* Utils.swift */; };
		17F5D9DA22240F2100C2F5E7 /* MainBody.swift in Sources */ = {isa = PBXBuildFile; fileRef = 17F5D9D922240F2100C2F5E7 /* MainBody.swift */; };
		5209294AA936C15D6C576134 /* Pods_MovieGuide.framework in Frameworks */ = {isa = PBXBuildFile; fileRef = E577E38D3CBA74BACEC261B0 /* Pods_MovieGuide.framework */; };
/* End PBXBuildFile section */

/* Begin PBXFileReference section */
		172CC2F02200A6EF009A4137 /* MovieGuide.app */ = {isa = PBXFileReference; explicitFileType = wrapper.application; includeInIndex = 0; path = MovieGuide.app; sourceTree = BUILT_PRODUCTS_DIR; };
		172CC2F32200A6EF009A4137 /* AppDelegate.swift */ = {isa = PBXFileReference; lastKnownFileType = sourcecode.swift; path = AppDelegate.swift; sourceTree = "<group>"; };
		172CC2F52200A6EF009A4137 /* BaseViewController.swift */ = {isa = PBXFileReference; lastKnownFileType = sourcecode.swift; path = BaseViewController.swift; sourceTree = "<group>"; };
		172CC2F82200A6EF009A4137 /* Base */ = {isa = PBXFileReference; lastKnownFileType = file.storyboard; name = Base; path = Base.lproj/Main.storyboard; sourceTree = "<group>"; };
		172CC2FB2200A6EF009A4137 /* MovieGuide.xcdatamodel */ = {isa = PBXFileReference; lastKnownFileType = wrapper.xcdatamodel; path = MovieGuide.xcdatamodel; sourceTree = "<group>"; };
		172CC2FD2200A6F1009A4137 /* Assets.xcassets */ = {isa = PBXFileReference; lastKnownFileType = folder.assetcatalog; path = Assets.xcassets; sourceTree = "<group>"; };
		172CC3002200A6F1009A4137 /* Base */ = {isa = PBXFileReference; lastKnownFileType = file.storyboard; name = Base; path = Base.lproj/LaunchScreen.storyboard; sourceTree = "<group>"; };
		172CC3022200A6F1009A4137 /* Info.plist */ = {isa = PBXFileReference; lastKnownFileType = text.plist.xml; path = Info.plist; sourceTree = "<group>"; };
		177AA11822031A2F00231FA9 /* MoviesScrennController.swift */ = {isa = PBXFileReference; lastKnownFileType = sourcecode.swift; path = MoviesScrennController.swift; sourceTree = "<group>"; };
		1791EAD422252B4A00A39070 /* BaseMovieModel.swift */ = {isa = PBXFileReference; fileEncoding = 4; lastKnownFileType = sourcecode.swift; path = BaseMovieModel.swift; sourceTree = "<group>"; };
		1791EAD622252B6500A39070 /* Results.swift */ = {isa = PBXFileReference; fileEncoding = 4; lastKnownFileType = sourcecode.swift; path = Results.swift; sourceTree = "<group>"; };
		17F5D9CF22203A9300C2F5E7 /* MainService.swift */ = {isa = PBXFileReference; lastKnownFileType = sourcecode.swift; path = MainService.swift; sourceTree = "<group>"; };
		17F5D9D222203B1C00C2F5E7 /* NetworkManager.swift */ = {isa = PBXFileReference; lastKnownFileType = sourcecode.swift; path = NetworkManager.swift; sourceTree = "<group>"; };
		17F5D9D42220400D00C2F5E7 /* Constants.swift */ = {isa = PBXFileReference; lastKnownFileType = sourcecode.swift; path = Constants.swift; sourceTree = "<group>"; };
		17F5D9D62223F84A00C2F5E7 /* Utils.swift */ = {isa = PBXFileReference; lastKnownFileType = sourcecode.swift; path = Utils.swift; sourceTree = "<group>"; };
		17F5D9D922240F2100C2F5E7 /* MainBody.swift */ = {isa = PBXFileReference; lastKnownFileType = sourcecode.swift; path = MainBody.swift; sourceTree = "<group>"; };
		34925C5E5AD8727F731F9111 /* Pods-MovieGuide.debug.xcconfig */ = {isa = PBXFileReference; includeInIndex = 1; lastKnownFileType = text.xcconfig; name = "Pods-MovieGuide.debug.xcconfig"; path = "Target Support Files/Pods-MovieGuide/Pods-MovieGuide.debug.xcconfig"; sourceTree = "<group>"; };
		D4C8FA43B69EF76C40F79C31 /* Pods-MovieGuide.release.xcconfig */ = {isa = PBXFileReference; includeInIndex = 1; lastKnownFileType = text.xcconfig; name = "Pods-MovieGuide.release.xcconfig"; path = "Target Support Files/Pods-MovieGuide/Pods-MovieGuide.release.xcconfig"; sourceTree = "<group>"; };
		E577E38D3CBA74BACEC261B0 /* Pods_MovieGuide.framework */ = {isa = PBXFileReference; explicitFileType = wrapper.framework; includeInIndex = 0; path = Pods_MovieGuide.framework; sourceTree = BUILT_PRODUCTS_DIR; };
/* End PBXFileReference section */

/* Begin PBXFrameworksBuildPhase section */
		172CC2ED2200A6EF009A4137 /* Frameworks */ = {
			isa = PBXFrameworksBuildPhase;
			buildActionMask = 2147483647;
			files = (
				5209294AA936C15D6C576134 /* Pods_MovieGuide.framework in Frameworks */,
			);
			runOnlyForDeploymentPostprocessing = 0;
		};
/* End PBXFrameworksBuildPhase section */

/* Begin PBXGroup section */
		172CC2E72200A6EF009A4137 = {
			isa = PBXGroup;
			children = (
				172CC2F22200A6EF009A4137 /* MovieGuide */,
				172CC2F12200A6EF009A4137 /* Products */,
				37DFAA98DFC6FEC9BEDC1BE9 /* Pods */,
				F5ED6C280D3A48FD55C13843 /* Frameworks */,
			);
			sourceTree = "<group>";
		};
		172CC2F12200A6EF009A4137 /* Products */ = {
			isa = PBXGroup;
			children = (
				172CC2F02200A6EF009A4137 /* MovieGuide.app */,
			);
			name = Products;
			sourceTree = "<group>";
		};
		172CC2F22200A6EF009A4137 /* MovieGuide */ = {
			isa = PBXGroup;
			children = (
				17F5D9CC22203A0200C2F5E7 /* Helpers */,
				172CC30B2200A7B2009A4137 /* Models */,
				172CC3082200A729009A4137 /* Controllers */,
				172CC2F32200A6EF009A4137 /* AppDelegate.swift */,
				172CC2F72200A6EF009A4137 /* Main.storyboard */,
				172CC2FD2200A6F1009A4137 /* Assets.xcassets */,
				172CC2FF2200A6F1009A4137 /* LaunchScreen.storyboard */,
				172CC3022200A6F1009A4137 /* Info.plist */,
				172CC2FA2200A6EF009A4137 /* MovieGuide.xcdatamodeld */,
				17F5D9D82223FC8A00C2F5E7 /* Utils */,
			);
			path = MovieGuide;
			sourceTree = "<group>";
		};
		172CC3082200A729009A4137 /* Controllers */ = {
			isa = PBXGroup;
			children = (
				177AA11822031A2F00231FA9 /* MoviesScrennController.swift */,
				172CC2F52200A6EF009A4137 /* BaseViewController.swift */,
			);
			path = Controllers;
			sourceTree = "<group>";
		};
		172CC30B2200A7B2009A4137 /* Models */ = {
			isa = PBXGroup;
			children = (
				1791EAD422252B4A00A39070 /* BaseMovieModel.swift */,
				1791EAD622252B6500A39070 /* Results.swift */,
			);
			path = Models;
			sourceTree = "<group>";
		};
		17F5D9CC22203A0200C2F5E7 /* Helpers */ = {
			isa = PBXGroup;
			children = (
				17F5D9CD22203A4A00C2F5E7 /* Services */,
			);
			path = Helpers;
			sourceTree = "<group>";
		};
		17F5D9CD22203A4A00C2F5E7 /* Services */ = {
			isa = PBXGroup;
			children = (
				17F5D9CE22203A6600C2F5E7 /* Main */,
			);
			path = Services;
			sourceTree = "<group>";
		};
		17F5D9CE22203A6600C2F5E7 /* Main */ = {
			isa = PBXGroup;
			children = (
				17F5D9CF22203A9300C2F5E7 /* MainService.swift */,
				17F5D9D922240F2100C2F5E7 /* MainBody.swift */,
			);
			path = Main;
			sourceTree = "<group>";
		};
		17F5D9D82223FC8A00C2F5E7 /* Utils */ = {
			isa = PBXGroup;
			children = (
				17F5D9D222203B1C00C2F5E7 /* NetworkManager.swift */,
				17F5D9D42220400D00C2F5E7 /* Constants.swift */,
				17F5D9D62223F84A00C2F5E7 /* Utils.swift */,
			);
			path = Utils;
			sourceTree = "<group>";
		};
		37DFAA98DFC6FEC9BEDC1BE9 /* Pods */ = {
			isa = PBXGroup;
			children = (
				34925C5E5AD8727F731F9111 /* Pods-MovieGuide.debug.xcconfig */,
				D4C8FA43B69EF76C40F79C31 /* Pods-MovieGuide.release.xcconfig */,
			);
			path = Pods;
			sourceTree = "<group>";
		};
		F5ED6C280D3A48FD55C13843 /* Frameworks */ = {
			isa = PBXGroup;
			children = (
				E577E38D3CBA74BACEC261B0 /* Pods_MovieGuide.framework */,
			);
			name = Frameworks;
			sourceTree = "<group>";
		};
/* End PBXGroup section */

/* Begin PBXNativeTarget section */
		172CC2EF2200A6EF009A4137 /* MovieGuide */ = {
			isa = PBXNativeTarget;
			buildConfigurationList = 172CC3052200A6F1009A4137 /* Build configuration list for PBXNativeTarget "MovieGuide" */;
			buildPhases = (
				2A99A40A71D38E1516D7B2FB /* [CP] Check Pods Manifest.lock */,
				172CC2EC2200A6EF009A4137 /* Sources */,
				172CC2ED2200A6EF009A4137 /* Frameworks */,
				172CC2EE2200A6EF009A4137 /* Resources */,
				8502B5AFA4C3F172466DDD70 /* [CP] Embed Pods Frameworks */,
			);
			buildRules = (
			);
			dependencies = (
			);
			name = MovieGuide;
			productName = MovieGuide;
			productReference = 172CC2F02200A6EF009A4137 /* MovieGuide.app */;
			productType = "com.apple.product-type.application";
		};
/* End PBXNativeTarget section */

/* Begin PBXProject section */
		172CC2E82200A6EF009A4137 /* Project object */ = {
			isa = PBXProject;
			attributes = {
				LastSwiftUpdateCheck = 1010;
				LastUpgradeCheck = 1010;
				ORGANIZATIONNAME = "Omer Varoglu";
				TargetAttributes = {
					172CC2EF2200A6EF009A4137 = {
						CreatedOnToolsVersion = 10.1;
					};
				};
			};
			buildConfigurationList = 172CC2EB2200A6EF009A4137 /* Build configuration list for PBXProject "MovieGuide" */;
			compatibilityVersion = "Xcode 9.3";
			developmentRegion = en;
			hasScannedForEncodings = 0;
			knownRegions = (
				en,
				Base,
			);
			mainGroup = 172CC2E72200A6EF009A4137;
			productRefGroup = 172CC2F12200A6EF009A4137 /* Products */;
			projectDirPath = "";
			projectRoot = "";
			targets = (
				172CC2EF2200A6EF009A4137 /* MovieGuide */,
			);
		};
/* End PBXProject section */

/* Begin PBXResourcesBuildPhase section */
		172CC2EE2200A6EF009A4137 /* Resources */ = {
			isa = PBXResourcesBuildPhase;
			buildActionMask = 2147483647;
			files = (
				172CC3012200A6F1009A4137 /* LaunchScreen.storyboard in Resources */,
				172CC2FE2200A6F1009A4137 /* Assets.xcassets in Resources */,
				172CC2F92200A6EF009A4137 /* Main.storyboard in Resources */,
			);
			runOnlyForDeploymentPostprocessing = 0;
		};
/* End PBXResourcesBuildPhase section */

/* Begin PBXShellScriptBuildPhase section */
		2A99A40A71D38E1516D7B2FB /* [CP] Check Pods Manifest.lock */ = {
			isa = PBXShellScriptBuildPhase;
			buildActionMask = 2147483647;
			files = (
			);
			inputFileListPaths = (
			);
			inputPaths = (
				"${PODS_PODFILE_DIR_PATH}/Podfile.lock",
				"${PODS_ROOT}/Manifest.lock",
			);
			name = "[CP] Check Pods Manifest.lock";
			outputFileListPaths = (
			);
			outputPaths = (
				"$(DERIVED_FILE_DIR)/Pods-MovieGuide-checkManifestLockResult.txt",
			);
			runOnlyForDeploymentPostprocessing = 0;
			shellPath = /bin/sh;
			shellScript = "diff \"${PODS_PODFILE_DIR_PATH}/Podfile.lock\" \"${PODS_ROOT}/Manifest.lock\" > /dev/null\nif [ $? != 0 ] ; then\n    # print error to STDERR\n    echo \"error: The sandbox is not in sync with the Podfile.lock. Run 'pod install' or update your CocoaPods installation.\" >&2\n    exit 1\nfi\n# This output is used by Xcode 'outputs' to avoid re-running this script phase.\necho \"SUCCESS\" > \"${SCRIPT_OUTPUT_FILE_0}\"\n";
			showEnvVarsInLog = 0;
		};
		8502B5AFA4C3F172466DDD70 /* [CP] Embed Pods Frameworks */ = {
			isa = PBXShellScriptBuildPhase;
			buildActionMask = 2147483647;
			files = (
			);
			inputFileListPaths = (
			);
			inputPaths = (
				"${PODS_ROOT}/Target Support Files/Pods-MovieGuide/Pods-MovieGuide-frameworks.sh",
				"${BUILT_PRODUCTS_DIR}/Alamofire/Alamofire.framework",
				"${BUILT_PRODUCTS_DIR}/ObjectMapper/ObjectMapper.framework",
				"${BUILT_PRODUCTS_DIR}/PKHUD/PKHUD.framework",
				"${BUILT_PRODUCTS_DIR}/SwiftyJSON/SwiftyJSON.framework",
			);
			name = "[CP] Embed Pods Frameworks";
			outputFileListPaths = (
			);
			outputPaths = (
				"${TARGET_BUILD_DIR}/${FRAMEWORKS_FOLDER_PATH}/Alamofire.framework",
				"${TARGET_BUILD_DIR}/${FRAMEWORKS_FOLDER_PATH}/ObjectMapper.framework",
				"${TARGET_BUILD_DIR}/${FRAMEWORKS_FOLDER_PATH}/PKHUD.framework",
				"${TARGET_BUILD_DIR}/${FRAMEWORKS_FOLDER_PATH}/SwiftyJSON.framework",
			);
			runOnlyForDeploymentPostprocessing = 0;
			shellPath = /bin/sh;
			shellScript = "\"${PODS_ROOT}/Target Support Files/Pods-MovieGuide/Pods-MovieGuide-frameworks.sh\"\n";
			showEnvVarsInLog = 0;
		};
/* End PBXShellScriptBuildPhase section */

/* Begin PBXSourcesBuildPhase section */
		172CC2EC2200A6EF009A4137 /* Sources */ = {
			isa = PBXSourcesBuildPhase;
			buildActionMask = 2147483647;
			files = (
				17F5D9D022203A9300C2F5E7 /* MainService.swift in Sources */,
				177AA11922031A2F00231FA9 /* MoviesScrennController.swift in Sources */,
				17F5D9D52220400D00C2F5E7 /* Constants.swift in Sources */,
				172CC2FC2200A6EF009A4137 /* MovieGuide.xcdatamodeld in Sources */,
				1791EAD522252B4A00A39070 /* BaseMovieModel.swift in Sources */,
				17F5D9D72223F84A00C2F5E7 /* Utils.swift in Sources */,
				17F5D9D322203B1C00C2F5E7 /* NetworkManager.swift in Sources */,
				172CC2F62200A6EF009A4137 /* BaseViewController.swift in Sources */,
				1791EAD722252B6500A39070 /* Results.swift in Sources */,
				172CC2F42200A6EF009A4137 /* AppDelegate.swift in Sources */,
				17F5D9DA22240F2100C2F5E7 /* MainBody.swift in Sources */,
			);
			runOnlyForDeploymentPostprocessing = 0;
		};
/* End PBXSourcesBuildPhase section */

/* Begin PBXVariantGroup section */
		172CC2F72200A6EF009A4137 /* Main.storyboard */ = {
			isa = PBXVariantGroup;
			children = (
				172CC2F82200A6EF009A4137 /* Base */,
			);
			name = Main.storyboard;
			sourceTree = "<group>";
		};
		172CC2FF2200A6F1009A4137 /* LaunchScreen.storyboard */ = {
			isa = PBXVariantGroup;
			children = (
				172CC3002200A6F1009A4137 /* Base */,
			);
			name = LaunchScreen.storyboard;
			sourceTree = "<group>";
		};
/* End PBXVariantGroup section */

/* Begin XCBuildConfiguration section */
		172CC3032200A6F1009A4137 /* Debug */ = {
			isa = XCBuildConfiguration;
			buildSettings = {
				ALWAYS_SEARCH_USER_PATHS = NO;
				CLANG_ANALYZER_NONNULL = YES;
				CLANG_ANALYZER_NUMBER_OBJECT_CONVERSION = YES_AGGRESSIVE;
				CLANG_CXX_LANGUAGE_STANDARD = "gnu++14";
				CLANG_CXX_LIBRARY = "libc++";
				CLANG_ENABLE_MODULES = YES;
				CLANG_ENABLE_OBJC_ARC = YES;
				CLANG_ENABLE_OBJC_WEAK = YES;
				CLANG_WARN_BLOCK_CAPTURE_AUTORELEASING = YES;
				CLANG_WARN_BOOL_CONVERSION = YES;
				CLANG_WARN_COMMA = YES;
				CLANG_WARN_CONSTANT_CONVERSION = YES;
				CLANG_WARN_DEPRECATED_OBJC_IMPLEMENTATIONS = YES;
				CLANG_WARN_DIRECT_OBJC_ISA_USAGE = YES_ERROR;
				CLANG_WARN_DOCUMENTATION_COMMENTS = YES;
				CLANG_WARN_EMPTY_BODY = YES;
				CLANG_WARN_ENUM_CONVERSION = YES;
				CLANG_WARN_INFINITE_RECURSION = YES;
				CLANG_WARN_INT_CONVERSION = YES;
				CLANG_WARN_NON_LITERAL_NULL_CONVERSION = YES;
				CLANG_WARN_OBJC_IMPLICIT_RETAIN_SELF = YES;
				CLANG_WARN_OBJC_LITERAL_CONVERSION = YES;
				CLANG_WARN_OBJC_ROOT_CLASS = YES_ERROR;
				CLANG_WARN_RANGE_LOOP_ANALYSIS = YES;
				CLANG_WARN_STRICT_PROTOTYPES = YES;
				CLANG_WARN_SUSPICIOUS_MOVE = YES;
				CLANG_WARN_UNGUARDED_AVAILABILITY = YES_AGGRESSIVE;
				CLANG_WARN_UNREACHABLE_CODE = YES;
				CLANG_WARN__DUPLICATE_METHOD_MATCH = YES;
				CODE_SIGN_IDENTITY = "iPhone Developer";
				COPY_PHASE_STRIP = NO;
				DEBUG_INFORMATION_FORMAT = dwarf;
				ENABLE_STRICT_OBJC_MSGSEND = YES;
				ENABLE_TESTABILITY = YES;
				GCC_C_LANGUAGE_STANDARD = gnu11;
				GCC_DYNAMIC_NO_PIC = NO;
				GCC_NO_COMMON_BLOCKS = YES;
				GCC_OPTIMIZATION_LEVEL = 0;
				GCC_PREPROCESSOR_DEFINITIONS = (
					"DEBUG=1",
					"$(inherited)",
				);
				GCC_WARN_64_TO_32_BIT_CONVERSION = YES;
				GCC_WARN_ABOUT_RETURN_TYPE = YES_ERROR;
				GCC_WARN_UNDECLARED_SELECTOR = YES;
				GCC_WARN_UNINITIALIZED_AUTOS = YES_AGGRESSIVE;
				GCC_WARN_UNUSED_FUNCTION = YES;
				GCC_WARN_UNUSED_VARIABLE = YES;
				IPHONEOS_DEPLOYMENT_TARGET = 12.1;
				MTL_ENABLE_DEBUG_INFO = INCLUDE_SOURCE;
				MTL_FAST_MATH = YES;
				ONLY_ACTIVE_ARCH = YES;
				SDKROOT = iphoneos;
				SWIFT_ACTIVE_COMPILATION_CONDITIONS = DEBUG;
				SWIFT_OPTIMIZATION_LEVEL = "-Onone";
			};
			name = Debug;
		};
		172CC3042200A6F1009A4137 /* Release */ = {
			isa = XCBuildConfiguration;
			buildSettings = {
				ALWAYS_SEARCH_USER_PATHS = NO;
				CLANG_ANALYZER_NONNULL = YES;
				CLANG_ANALYZER_NUMBER_OBJECT_CONVERSION = YES_AGGRESSIVE;
				CLANG_CXX_LANGUAGE_STANDARD = "gnu++14";
				CLANG_CXX_LIBRARY = "libc++";
				CLANG_ENABLE_MODULES = YES;
				CLANG_ENABLE_OBJC_ARC = YES;
				CLANG_ENABLE_OBJC_WEAK = YES;
				CLANG_WARN_BLOCK_CAPTURE_AUTORELEASING = YES;
				CLANG_WARN_BOOL_CONVERSION = YES;
				CLANG_WARN_COMMA = YES;
				CLANG_WARN_CONSTANT_CONVERSION = YES;
				CLANG_WARN_DEPRECATED_OBJC_IMPLEMENTATIONS = YES;
				CLANG_WARN_DIRECT_OBJC_ISA_USAGE = YES_ERROR;
				CLANG_WARN_DOCUMENTATION_COMMENTS = YES;
				CLANG_WARN_EMPTY_BODY = YES;
				CLANG_WARN_ENUM_CONVERSION = YES;
				CLANG_WARN_INFINITE_RECURSION = YES;
				CLANG_WARN_INT_CONVERSION = YES;
				CLANG_WARN_NON_LITERAL_NULL_CONVERSION = YES;
				CLANG_WARN_OBJC_IMPLICIT_RETAIN_SELF = YES;
				CLANG_WARN_OBJC_LITERAL_CONVERSION = YES;
				CLANG_WARN_OBJC_ROOT_CLASS = YES_ERROR;
				CLANG_WARN_RANGE_LOOP_ANALYSIS = YES;
				CLANG_WARN_STRICT_PROTOTYPES = YES;
				CLANG_WARN_SUSPICIOUS_MOVE = YES;
				CLANG_WARN_UNGUARDED_AVAILABILITY = YES_AGGRESSIVE;
				CLANG_WARN_UNREACHABLE_CODE = YES;
				CLANG_WARN__DUPLICATE_METHOD_MATCH = YES;
				CODE_SIGN_IDENTITY = "iPhone Developer";
				COPY_PHASE_STRIP = NO;
				DEBUG_INFORMATION_FORMAT = "dwarf-with-dsym";
				ENABLE_NS_ASSERTIONS = NO;
				ENABLE_STRICT_OBJC_MSGSEND = YES;
				GCC_C_LANGUAGE_STANDARD = gnu11;
				GCC_NO_COMMON_BLOCKS = YES;
				GCC_WARN_64_TO_32_BIT_CONVERSION = YES;
				GCC_WARN_ABOUT_RETURN_TYPE = YES_ERROR;
				GCC_WARN_UNDECLARED_SELECTOR = YES;
				GCC_WARN_UNINITIALIZED_AUTOS = YES_AGGRESSIVE;
				GCC_WARN_UNUSED_FUNCTION = YES;
				GCC_WARN_UNUSED_VARIABLE = YES;
				IPHONEOS_DEPLOYMENT_TARGET = 12.1;
				MTL_ENABLE_DEBUG_INFO = NO;
				MTL_FAST_MATH = YES;
				SDKROOT = iphoneos;
				SWIFT_COMPILATION_MODE = wholemodule;
				SWIFT_OPTIMIZATION_LEVEL = "-O";
				VALIDATE_PRODUCT = YES;
			};
			name = Release;
		};
		172CC3062200A6F1009A4137 /* Debug */ = {
			isa = XCBuildConfiguration;
			baseConfigurationReference = 34925C5E5AD8727F731F9111 /* Pods-MovieGuide.debug.xcconfig */;
			buildSettings = {
				ASSETCATALOG_COMPILER_APPICON_NAME = AppIcon;
				CODE_SIGN_STYLE = Automatic;
				DEVELOPMENT_TEAM = PR952S746H;
				INFOPLIST_FILE = MovieGuide/Info.plist;
				LD_RUNPATH_SEARCH_PATHS = (
					"$(inherited)",
					"@executable_path/Frameworks",
				);
				PRODUCT_BUNDLE_IDENTIFIER = com.omervaroglu.MovieGuide;
				PRODUCT_NAME = "$(TARGET_NAME)";
				SWIFT_VERSION = 4.2;
				TARGETED_DEVICE_FAMILY = "1,2";
			};
			name = Debug;
		};
		172CC3072200A6F1009A4137 /* Release */ = {
			isa = XCBuildConfiguration;
			baseConfigurationReference = D4C8FA43B69EF76C40F79C31 /* Pods-MovieGuide.release.xcconfig */;
			buildSettings = {
				ASSETCATALOG_COMPILER_APPICON_NAME = AppIcon;
				CODE_SIGN_STYLE = Automatic;
				DEVELOPMENT_TEAM = PR952S746H;
				INFOPLIST_FILE = MovieGuide/Info.plist;
				LD_RUNPATH_SEARCH_PATHS = (
					"$(inherited)",
					"@executable_path/Frameworks",
				);
				PRODUCT_BUNDLE_IDENTIFIER = com.omervaroglu.MovieGuide;
				PRODUCT_NAME = "$(TARGET_NAME)";
				SWIFT_VERSION = 4.2;
				TARGETED_DEVICE_FAMILY = "1,2";
			};
			name = Release;
		};
/* End XCBuildConfiguration section */

/* Begin XCConfigurationList section */
		172CC2EB2200A6EF009A4137 /* Build configuration list for PBXProject "MovieGuide" */ = {
			isa = XCConfigurationList;
			buildConfigurations = (
				172CC3032200A6F1009A4137 /* Debug */,
				172CC3042200A6F1009A4137 /* Release */,
			);
			defaultConfigurationIsVisible = 0;
			defaultConfigurationName = Release;
		};
		172CC3052200A6F1009A4137 /* Build configuration list for PBXNativeTarget "MovieGuide" */ = {
			isa = XCConfigurationList;
			buildConfigurations = (
				172CC3062200A6F1009A4137 /* Debug */,
				172CC3072200A6F1009A4137 /* Release */,
			);
			defaultConfigurationIsVisible = 0;
			defaultConfigurationName = Release;
		};
/* End XCConfigurationList section */

/* Begin XCVersionGroup section */
		172CC2FA2200A6EF009A4137 /* MovieGuide.xcdatamodeld */ = {
			isa = XCVersionGroup;
			children = (
				172CC2FB2200A6EF009A4137 /* MovieGuide.xcdatamodel */,
			);
			currentVersion = 172CC2FB2200A6EF009A4137 /* MovieGuide.xcdatamodel */;
			path = MovieGuide.xcdatamodeld;
			sourceTree = "<group>";
			versionGroupType = wrapper.xcdatamodel;
		};
/* End XCVersionGroup section */
	};
	rootObject = 172CC2E82200A6EF009A4137 /* Project object */;
}
